# THIS IS AN AUTOGENERATED FILE. DO NOT EDIT THIS FILE DIRECTLY.
# yarn lockfile v1


react-scrollable-feed@^1.2.0:
  version "1.2.0"
  resolved "https://registry.yarnpkg.com/react-scrollable-feed/-/react-scrollable-feed-1.2.0.tgz#1ff1ef12083e19104cbdfe2b4f571bae9c87d1da"
  integrity sha512-KSkMVmhRg8YxhxOH8rf3vyOSpJt5Adw+9f6nIysEbmumN6dI2lfWpF1mthclTqQTGpPKTjpagK5wYiJZvE18IQ==
